// !$*UTF8*$!
{
	archiveVersion = 1;
	classes = {
	};
	objectVersion = 56;
	objects = {

/* Begin PBXBuildFile section */
		F6A72A8A29781A1600A4BA64 /* walkDetectorApp.swift in Sources */ = {isa = PBXBuildFile; fileRef = F6A72A8929781A1600A4BA64 /* walkDetectorApp.swift */; };
		F6A72A8C29781A1600A4BA64 /* ContentView.swift in Sources */ = {isa = PBXBuildFile; fileRef = F6A72A8B29781A1600A4BA64 /* ContentView.swift */; };
		F6A72A8E29781A1700A4BA64 /* Assets.xcassets in Resources */ = {isa = PBXBuildFile; fileRef = F6A72A8D29781A1700A4BA64 /* Assets.xcassets */; };
		F6A72A9229781A1700A4BA64 /* Preview Assets.xcassets in Resources */ = {isa = PBXBuildFile; fileRef = F6A72A9129781A1700A4BA64 /* Preview Assets.xcassets */; };
		F6A72A9C29781A1700A4BA64 /* walkDetectorTests.swift in Sources */ = {isa = PBXBuildFile; fileRef = F6A72A9B29781A1700A4BA64 /* walkDetectorTests.swift */; };
		F6A72AA629781A1800A4BA64 /* walkDetectorUITests.swift in Sources */ = {isa = PBXBuildFile; fileRef = F6A72AA529781A1800A4BA64 /* walkDetectorUITests.swift */; };
		F6A72AA829781A1800A4BA64 /* walkDetectorUITestsLaunchTests.swift in Sources */ = {isa = PBXBuildFile; fileRef = F6A72AA729781A1800A4BA64 /* walkDetectorUITestsLaunchTests.swift */; };
		F6A72AB529781ACD00A4BA64 /* walkDetector.swift in Sources */ = {isa = PBXBuildFile; fileRef = F6A72AB429781ACD00A4BA64 /* walkDetector.swift */; };
/* End PBXBuildFile section */

/* Begin PBXContainerItemProxy section */
		F6A72A9829781A1700A4BA64 /* PBXContainerItemProxy */ = {
			isa = PBXContainerItemProxy;
			containerPortal = F6A72A7E29781A1600A4BA64 /* Project object */;
			proxyType = 1;
			remoteGlobalIDString = F6A72A8529781A1600A4BA64;
			remoteInfo = walkDetector;
		};
		F6A72AA229781A1800A4BA64 /* PBXContainerItemProxy */ = {
			isa = PBXContainerItemProxy;
			containerPortal = F6A72A7E29781A1600A4BA64 /* Project object */;
			proxyType = 1;
			remoteGlobalIDString = F6A72A8529781A1600A4BA64;
			remoteInfo = walkDetector;
		};
/* End PBXContainerItemProxy section */

/* Begin PBXFileReference section */
		F6A72A8629781A1600A4BA64 /* walkDetector.app */ = {isa = PBXFileReference; explicitFileType = wrapper.application; includeInIndex = 0; path = walkDetector.app; sourceTree = BUILT_PRODUCTS_DIR; };
		F6A72A8929781A1600A4BA64 /* walkDetectorApp.swift */ = {isa = PBXFileReference; lastKnownFileType = sourcecode.swift; path = walkDetectorApp.swift; sourceTree = "<group>"; };
		F6A72A8B29781A1600A4BA64 /* ContentView.swift */ = {isa = PBXFileReference; lastKnownFileType = sourcecode.swift; path = ContentView.swift; sourceTree = "<group>"; };
		F6A72A8D29781A1700A4BA64 /* Assets.xcassets */ = {isa = PBXFileReference; lastKnownFileType = folder.assetcatalog; path = Assets.xcassets; sourceTree = "<group>"; };
		F6A72A8F29781A1700A4BA64 /* walkDetector.entitlements */ = {isa = PBXFileReference; lastKnownFileType = text.plist.entitlements; path = walkDetector.entitlements; sourceTree = "<group>"; };
		F6A72A9129781A1700A4BA64 /* Preview Assets.xcassets */ = {isa = PBXFileReference; lastKnownFileType = folder.assetcatalog; path = "Preview Assets.xcassets"; sourceTree = "<group>"; };
		F6A72A9729781A1700A4BA64 /* walkDetectorTests.xctest */ = {isa = PBXFileReference; explicitFileType = wrapper.cfbundle; includeInIndex = 0; path = walkDetectorTests.xctest; sourceTree = BUILT_PRODUCTS_DIR; };
		F6A72A9B29781A1700A4BA64 /* walkDetectorTests.swift */ = {isa = PBXFileReference; lastKnownFileType = sourcecode.swift; path = walkDetectorTests.swift; sourceTree = "<group>"; };
		F6A72AA129781A1800A4BA64 /* walkDetectorUITests.xctest */ = {isa = PBXFileReference; explicitFileType = wrapper.cfbundle; includeInIndex = 0; path = walkDetectorUITests.xctest; sourceTree = BUILT_PRODUCTS_DIR; };
		F6A72AA529781A1800A4BA64 /* walkDetectorUITests.swift */ = {isa = PBXFileReference; lastKnownFileType = sourcecode.swift; path = walkDetectorUITests.swift; sourceTree = "<group>"; };
		F6A72AA729781A1800A4BA64 /* walkDetectorUITestsLaunchTests.swift */ = {isa = PBXFileReference; lastKnownFileType = sourcecode.swift; path = walkDetectorUITestsLaunchTests.swift; sourceTree = "<group>"; };
		F6A72AB429781ACD00A4BA64 /* walkDetector.swift */ = {isa = PBXFileReference; lastKnownFileType = sourcecode.swift; path = walkDetector.swift; sourceTree = "<group>"; };
		F6A72AB629781E0400A4BA64 /* Info.plist */ = {isa = PBXFileReference; lastKnownFileType = text.plist; path = Info.plist; sourceTree = "<group>"; };
/* End PBXFileReference section */

/* Begin PBXFrameworksBuildPhase section */
		F6A72A8329781A1600A4BA64 /* Frameworks */ = {
			isa = PBXFrameworksBuildPhase;
			buildActionMask = 2147483647;
			files = (
			);
			runOnlyForDeploymentPostprocessing = 0;
		};
		F6A72A9429781A1700A4BA64 /* Frameworks */ = {
			isa = PBXFrameworksBuildPhase;
			buildActionMask = 2147483647;
			files = (
			);
			runOnlyForDeploymentPostprocessing = 0;
		};
		F6A72A9E29781A1800A4BA64 /* Frameworks */ = {
			isa = PBXFrameworksBuildPhase;
			buildActionMask = 2147483647;
			files = (
			);
			runOnlyForDeploymentPostprocessing = 0;
		};
/* End PBXFrameworksBuildPhase section */

/* Begin PBXGroup section */
		F6A72A7D29781A1600A4BA64 = {
			isa = PBXGroup;
			children = (
				F6A72A8829781A1600A4BA64 /* walkDetector */,
				F6A72A9A29781A1700A4BA64 /* walkDetectorTests */,
				F6A72AA429781A1800A4BA64 /* walkDetectorUITests */,
				F6A72A8729781A1600A4BA64 /* Products */,
			);
			sourceTree = "<group>";
		};
		F6A72A8729781A1600A4BA64 /* Products */ = {
			isa = PBXGroup;
			children = (
				F6A72A8629781A1600A4BA64 /* walkDetector.app */,
				F6A72A9729781A1700A4BA64 /* walkDetectorTests.xctest */,
				F6A72AA129781A1800A4BA64 /* walkDetectorUITests.xctest */,
			);
			name = Products;
			sourceTree = "<group>";
		};
		F6A72A8829781A1600A4BA64 /* walkDetector */ = {
			isa = PBXGroup;
			children = (
				F6A72AB629781E0400A4BA64 /* Info.plist */,
				F6A72A8929781A1600A4BA64 /* walkDetectorApp.swift */,
				F6A72A8B29781A1600A4BA64 /* ContentView.swift */,
				F6A72A8D29781A1700A4BA64 /* Assets.xcassets */,
				F6A72A8F29781A1700A4BA64 /* walkDetector.entitlements */,
				F6A72A9029781A1700A4BA64 /* Preview Content */,
				F6A72AB429781ACD00A4BA64 /* walkDetector.swift */,
			);
			path = walkDetector;
			sourceTree = "<group>";
		};
		F6A72A9029781A1700A4BA64 /* Preview Content */ = {
			isa = PBXGroup;
			children = (
				F6A72A9129781A1700A4BA64 /* Preview Assets.xcassets */,
			);
			path = "Preview Content";
			sourceTree = "<group>";
		};
		F6A72A9A29781A1700A4BA64 /* walkDetectorTests */ = {
			isa = PBXGroup;
			children = (
				F6A72A9B29781A1700A4BA64 /* walkDetectorTests.swift */,
			);
			path = walkDetectorTests;
			sourceTree = "<group>";
		};
		F6A72AA429781A1800A4BA64 /* walkDetectorUITests */ = {
			isa = PBXGroup;
			children = (
				F6A72AA529781A1800A4BA64 /* walkDetectorUITests.swift */,
				F6A72AA729781A1800A4BA64 /* walkDetectorUITestsLaunchTests.swift */,
			);
			path = walkDetectorUITests;
			sourceTree = "<group>";
		};
/* End PBXGroup section */

/* Begin PBXNativeTarget section */
		F6A72A8529781A1600A4BA64 /* walkDetector */ = {
			isa = PBXNativeTarget;
			buildConfigurationList = F6A72AAB29781A1800A4BA64 /* Build configuration list for PBXNativeTarget "walkDetector" */;
			buildPhases = (
				F6A72A8229781A1600A4BA64 /* Sources */,
				F6A72A8329781A1600A4BA64 /* Frameworks */,
				F6A72A8429781A1600A4BA64 /* Resources */,
			);
			buildRules = (
			);
			dependencies = (
			);
			name = walkDetector;
			productName = walkDetector;
			productReference = F6A72A8629781A1600A4BA64 /* walkDetector.app */;
			productType = "com.apple.product-type.application";
		};
		F6A72A9629781A1700A4BA64 /* walkDetectorTests */ = {
			isa = PBXNativeTarget;
			buildConfigurationList = F6A72AAE29781A1800A4BA64 /* Build configuration list for PBXNativeTarget "walkDetectorTests" */;
			buildPhases = (
				F6A72A9329781A1700A4BA64 /* Sources */,
				F6A72A9429781A1700A4BA64 /* Frameworks */,
				F6A72A9529781A1700A4BA64 /* Resources */,
			);
			buildRules = (
			);
			dependencies = (
				F6A72A9929781A1700A4BA64 /* PBXTargetDependency */,
			);
			name = walkDetectorTests;
			productName = walkDetectorTests;
			productReference = F6A72A9729781A1700A4BA64 /* walkDetectorTests.xctest */;
			productType = "com.apple.product-type.bundle.unit-test";
		};
		F6A72AA029781A1800A4BA64 /* walkDetectorUITests */ = {
			isa = PBXNativeTarget;
			buildConfigurationList = F6A72AB129781A1800A4BA64 /* Build configuration list for PBXNativeTarget "walkDetectorUITests" */;
			buildPhases = (
				F6A72A9D29781A1800A4BA64 /* Sources */,
				F6A72A9E29781A1800A4BA64 /* Frameworks */,
				F6A72A9F29781A1800A4BA64 /* Resources */,
			);
			buildRules = (
			);
			dependencies = (
				F6A72AA329781A1800A4BA64 /* PBXTargetDependency */,
			);
			name = walkDetectorUITests;
			productName = walkDetectorUITests;
			productReference = F6A72AA129781A1800A4BA64 /* walkDetectorUITests.xctest */;
			productType = "com.apple.product-type.bundle.ui-testing";
		};
/* End PBXNativeTarget section */

/* Begin PBXProject section */
		F6A72A7E29781A1600A4BA64 /* Project object */ = {
			isa = PBXProject;
			attributes = {
				BuildIndependentTargetsInParallel = 1;
				LastSwiftUpdateCheck = 1420;
				LastUpgradeCheck = 1420;
				TargetAttributes = {
					F6A72A8529781A1600A4BA64 = {
						CreatedOnToolsVersion = 14.2;
					};
					F6A72A9629781A1700A4BA64 = {
						CreatedOnToolsVersion = 14.2;
						TestTargetID = F6A72A8529781A1600A4BA64;
					};
					F6A72AA029781A1800A4BA64 = {
						CreatedOnToolsVersion = 14.2;
						TestTargetID = F6A72A8529781A1600A4BA64;
					};
				};
			};
			buildConfigurationList = F6A72A8129781A1600A4BA64 /* Build configuration list for PBXProject "walkDetector" */;
			compatibilityVersion = "Xcode 14.0";
			developmentRegion = en;
			hasScannedForEncodings = 0;
			knownRegions = (
				en,
				Base,
			);
			mainGroup = F6A72A7D29781A1600A4BA64;
			productRefGroup = F6A72A8729781A1600A4BA64 /* Products */;
			projectDirPath = "";
			projectRoot = "";
			targets = (
				F6A72A8529781A1600A4BA64 /* walkDetector */,
				F6A72A9629781A1700A4BA64 /* walkDetectorTests */,
				F6A72AA029781A1800A4BA64 /* walkDetectorUITests */,
			);
		};
/* End PBXProject section */

/* Begin PBXResourcesBuildPhase section */
		F6A72A8429781A1600A4BA64 /* Resources */ = {
			isa = PBXResourcesBuildPhase;
			buildActionMask = 2147483647;
			files = (
				F6A72A9229781A1700A4BA64 /* Preview Assets.xcassets in Resources */,
				F6A72A8E29781A1700A4BA64 /* Assets.xcassets in Resources */,
			);
			runOnlyForDeploymentPostprocessing = 0;
		};
		F6A72A9529781A1700A4BA64 /* Resources */ = {
			isa = PBXResourcesBuildPhase;
			buildActionMask = 2147483647;
			files = (
			);
			runOnlyForDeploymentPostprocessing = 0;
		};
		F6A72A9F29781A1800A4BA64 /* Resources */ = {
			isa = PBXResourcesBuildPhase;
			buildActionMask = 2147483647;
			files = (
			);
			runOnlyForDeploymentPostprocessing = 0;
		};
/* End PBXResourcesBuildPhase section */

/* Begin PBXSourcesBuildPhase section */
		F6A72A8229781A1600A4BA64 /* Sources */ = {
			isa = PBXSourcesBuildPhase;
			buildActionMask = 2147483647;
			files = (
				F6A72A8C29781A1600A4BA64 /* ContentView.swift in Sources */,
				F6A72AB529781ACD00A4BA64 /* walkDetector.swift in Sources */,
				F6A72A8A29781A1600A4BA64 /* walkDetectorApp.swift in Sources */,
			);
			runOnlyForDeploymentPostprocessing = 0;
		};
		F6A72A9329781A1700A4BA64 /* Sources */ = {
			isa = PBXSourcesBuildPhase;
			buildActionMask = 2147483647;
			files = (
				F6A72A9C29781A1700A4BA64 /* walkDetectorTests.swift in Sources */,
			);
			runOnlyForDeploymentPostprocessing = 0;
		};
		F6A72A9D29781A1800A4BA64 /* Sources */ = {
			isa = PBXSourcesBuildPhase;
			buildActionMask = 2147483647;
			files = (
				F6A72AA629781A1800A4BA64 /* walkDetectorUITests.swift in Sources */,
				F6A72AA829781A1800A4BA64 /* walkDetectorUITestsLaunchTests.swift in Sources */,
			);
			runOnlyForDeploymentPostprocessing = 0;
		};
/* End PBXSourcesBuildPhase section */

/* Begin PBXTargetDependency section */
		F6A72A9929781A1700A4BA64 /* PBXTargetDependency */ = {
			isa = PBXTargetDependency;
			target = F6A72A8529781A1600A4BA64 /* walkDetector */;
			targetProxy = F6A72A9829781A1700A4BA64 /* PBXContainerItemProxy */;
		};
		F6A72AA329781A1800A4BA64 /* PBXTargetDependency */ = {
			isa = PBXTargetDependency;
			target = F6A72A8529781A1600A4BA64 /* walkDetector */;
			targetProxy = F6A72AA229781A1800A4BA64 /* PBXContainerItemProxy */;
		};
/* End PBXTargetDependency section */

/* Begin XCBuildConfiguration section */
		F6A72AA929781A1800A4BA64 /* Debug */ = {
			isa = XCBuildConfiguration;
			buildSettings = {
				ALWAYS_SEARCH_USER_PATHS = NO;
				CLANG_ANALYZER_NONNULL = YES;
				CLANG_ANALYZER_NUMBER_OBJECT_CONVERSION = YES_AGGRESSIVE;
				CLANG_CXX_LANGUAGE_STANDARD = "gnu++20";
				CLANG_ENABLE_MODULES = YES;
				CLANG_ENABLE_OBJC_ARC = YES;
				CLANG_ENABLE_OBJC_WEAK = YES;
				CLANG_WARN_BLOCK_CAPTURE_AUTORELEASING = YES;
				CLANG_WARN_BOOL_CONVERSION = YES;
				CLANG_WARN_COMMA = YES;
				CLANG_WARN_CONSTANT_CONVERSION = YES;
				CLANG_WARN_DEPRECATED_OBJC_IMPLEMENTATIONS = YES;
				CLANG_WARN_DIRECT_OBJC_ISA_USAGE = YES_ERROR;
				CLANG_WARN_DOCUMENTATION_COMMENTS = YES;
				CLANG_WARN_EMPTY_BODY = YES;
				CLANG_WARN_ENUM_CONVERSION = YES;
				CLANG_WARN_INFINITE_RECURSION = YES;
				CLANG_WARN_INT_CONVERSION = YES;
				CLANG_WARN_NON_LITERAL_NULL_CONVERSION = YES;
				CLANG_WARN_OBJC_IMPLICIT_RETAIN_SELF = YES;
				CLANG_WARN_OBJC_LITERAL_CONVERSION = YES;
				CLANG_WARN_OBJC_ROOT_CLASS = YES_ERROR;
				CLANG_WARN_QUOTED_INCLUDE_IN_FRAMEWORK_HEADER = YES;
				CLANG_WARN_RANGE_LOOP_ANALYSIS = YES;
				CLANG_WARN_STRICT_PROTOTYPES = YES;
				CLANG_WARN_SUSPICIOUS_MOVE = YES;
				CLANG_WARN_UNGUARDED_AVAILABILITY = YES_AGGRESSIVE;
				CLANG_WARN_UNREACHABLE_CODE = YES;
				CLANG_WARN__DUPLICATE_METHOD_MATCH = YES;
				COPY_PHASE_STRIP = NO;
				DEBUG_INFORMATION_FORMAT = dwarf;
				ENABLE_STRICT_OBJC_MSGSEND = YES;
				ENABLE_TESTABILITY = YES;
				GCC_C_LANGUAGE_STANDARD = gnu11;
				GCC_DYNAMIC_NO_PIC = NO;
				GCC_NO_COMMON_BLOCKS = YES;
				GCC_OPTIMIZATION_LEVEL = 0;
				GCC_PREPROCESSOR_DEFINITIONS = (
					"DEBUG=1",
					"$(inherited)",
				);
				GCC_WARN_64_TO_32_BIT_CONVERSION = YES;
				GCC_WARN_ABOUT_RETURN_TYPE = YES_ERROR;
				GCC_WARN_UNDECLARED_SELECTOR = YES;
				GCC_WARN_UNINITIALIZED_AUTOS = YES_AGGRESSIVE;
				GCC_WARN_UNUSED_FUNCTION = YES;
				GCC_WARN_UNUSED_VARIABLE = YES;
				MTL_ENABLE_DEBUG_INFO = INCLUDE_SOURCE;
				MTL_FAST_MATH = YES;
				ONLY_ACTIVE_ARCH = YES;
				SWIFT_ACTIVE_COMPILATION_CONDITIONS = DEBUG;
				SWIFT_OPTIMIZATION_LEVEL = "-Onone";
			};
			name = Debug;
		};
		F6A72AAA29781A1800A4BA64 /* Release */ = {
			isa = XCBuildConfiguration;
			buildSettings = {
				ALWAYS_SEARCH_USER_PATHS = NO;
				CLANG_ANALYZER_NONNULL = YES;
				CLANG_ANALYZER_NUMBER_OBJECT_CONVERSION = YES_AGGRESSIVE;
				CLANG_CXX_LANGUAGE_STANDARD = "gnu++20";
				CLANG_ENABLE_MODULES = YES;
				CLANG_ENABLE_OBJC_ARC = YES;
				CLANG_ENABLE_OBJC_WEAK = YES;
				CLANG_WARN_BLOCK_CAPTURE_AUTORELEASING = YES;
				CLANG_WARN_BOOL_CONVERSION = YES;
				CLANG_WARN_COMMA = YES;
				CLANG_WARN_CONSTANT_CONVERSION = YES;
				CLANG_WARN_DEPRECATED_OBJC_IMPLEMENTATIONS = YES;
				CLANG_WARN_DIRECT_OBJC_ISA_USAGE = YES_ERROR;
				CLANG_WARN_DOCUMENTATION_COMMENTS = YES;
				CLANG_WARN_EMPTY_BODY = YES;
				CLANG_WARN_ENUM_CONVERSION = YES;
				CLANG_WARN_INFINITE_RECURSION = YES;
				CLANG_WARN_INT_CONVERSION = YES;
				CLANG_WARN_NON_LITERAL_NULL_CONVERSION = YES;
				CLANG_WARN_OBJC_IMPLICIT_RETAIN_SELF = YES;
				CLANG_WARN_OBJC_LITERAL_CONVERSION = YES;
				CLANG_WARN_OBJC_ROOT_CLASS = YES_ERROR;
				CLANG_WARN_QUOTED_INCLUDE_IN_FRAMEWORK_HEADER = YES;
				CLANG_WARN_RANGE_LOOP_ANALYSIS = YES;
				CLANG_WARN_STRICT_PROTOTYPES = YES;
				CLANG_WARN_SUSPICIOUS_MOVE = YES;
				CLANG_WARN_UNGUARDED_AVAILABILITY = YES_AGGRESSIVE;
				CLANG_WARN_UNREACHABLE_CODE = YES;
				CLANG_WARN__DUPLICATE_METHOD_MATCH = YES;
				COPY_PHASE_STRIP = NO;
				DEBUG_INFORMATION_FORMAT = "dwarf-with-dsym";
				ENABLE_NS_ASSERTIONS = NO;
				ENABLE_STRICT_OBJC_MSGSEND = YES;
				GCC_C_LANGUAGE_STANDARD = gnu11;
				GCC_NO_COMMON_BLOCKS = YES;
				GCC_WARN_64_TO_32_BIT_CONVERSION = YES;
				GCC_WARN_ABOUT_RETURN_TYPE = YES_ERROR;
				GCC_WARN_UNDECLARED_SELECTOR = YES;
				GCC_WARN_UNINITIALIZED_AUTOS = YES_AGGRESSIVE;
				GCC_WARN_UNUSED_FUNCTION = YES;
				GCC_WARN_UNUSED_VARIABLE = YES;
				MTL_ENABLE_DEBUG_INFO = NO;
				MTL_FAST_MATH = YES;
				SWIFT_COMPILATION_MODE = wholemodule;
				SWIFT_OPTIMIZATION_LEVEL = "-O";
			};
			name = Release;
		};
		F6A72AAC29781A1800A4BA64 /* Debug */ = {
			isa = XCBuildConfiguration;
			buildSettings = {
				ASSETCATALOG_COMPILER_APPICON_NAME = AppIcon;
				ASSETCATALOG_COMPILER_GLOBAL_ACCENT_COLOR_NAME = AccentColor;
				CODE_SIGN_ENTITLEMENTS = walkDetector/walkDetector.entitlements;
				CODE_SIGN_STYLE = Automatic;
				CURRENT_PROJECT_VERSION = 1;
				DEVELOPMENT_ASSET_PATHS = "\"walkDetector/Preview Content\"";
				DEVELOPMENT_TEAM = 6UP4G7T4R6;
				ENABLE_HARDENED_RUNTIME = YES;
				ENABLE_PREVIEWS = YES;
				GENERATE_INFOPLIST_FILE = YES;
				INFOPLIST_FILE = walkDetector/Info.plist;
				"INFOPLIST_KEY_UIApplicationSceneManifest_Generation[sdk=iphoneos*]" = YES;
				"INFOPLIST_KEY_UIApplicationSceneManifest_Generation[sdk=iphonesimulator*]" = YES;
				"INFOPLIST_KEY_UIApplicationSupportsIndirectInputEvents[sdk=iphoneos*]" = YES;
				"INFOPLIST_KEY_UIApplicationSupportsIndirectInputEvents[sdk=iphonesimulator*]" = YES;
				"INFOPLIST_KEY_UILaunchScreen_Generation[sdk=iphoneos*]" = YES;
				"INFOPLIST_KEY_UILaunchScreen_Generation[sdk=iphonesimulator*]" = YES;
				"INFOPLIST_KEY_UIStatusBarStyle[sdk=iphoneos*]" = UIStatusBarStyleDefault;
				"INFOPLIST_KEY_UIStatusBarStyle[sdk=iphonesimulator*]" = UIStatusBarStyleDefault;
				INFOPLIST_KEY_UISupportedInterfaceOrientations_iPad = "UIInterfaceOrientationPortrait UIInterfaceOrientationPortraitUpsideDown UIInterfaceOrientationLandscapeLeft UIInterfaceOrientationLandscapeRight";
				INFOPLIST_KEY_UISupportedInterfaceOrientations_iPhone = "UIInterfaceOrientationPortrait UIInterfaceOrientationLandscapeLeft UIInterfaceOrientationLandscapeRight";
				IPHONEOS_DEPLOYMENT_TARGET = 16.2;
				LD_RUNPATH_SEARCH_PATHS = "@executable_path/Frameworks";
				"LD_RUNPATH_SEARCH_PATHS[sdk=macosx*]" = "@executable_path/../Frameworks";
				MACOSX_DEPLOYMENT_TARGET = 13.1;
				MARKETING_VERSION = 1.0;
				PRODUCT_BUNDLE_IDENTIFIER = jiwan.walkDetector;
				PRODUCT_NAME = "$(TARGET_NAME)";
				SDKROOT = auto;
				SUPPORTED_PLATFORMS = "iphoneos iphonesimulator macosx";
				SWIFT_EMIT_LOC_STRINGS = YES;
				SWIFT_VERSION = 5.0;
				TARGETED_DEVICE_FAMILY = "1,2";
			};
			name = Debug;
		};
		F6A72AAD29781A1800A4BA64 /* Release */ = {
			isa = XCBuildConfiguration;
			buildSettings = {
				ASSETCATALOG_COMPILER_APPICON_NAME = AppIcon;
				ASSETCATALOG_COMPILER_GLOBAL_ACCENT_COLOR_NAME = AccentColor;
				CODE_SIGN_ENTITLEMENTS = walkDetector/walkDetector.entitlements;
				CODE_SIGN_STYLE = Automatic;
				CURRENT_PROJECT_VERSION = 1;
				DEVELOPMENT_ASSET_PATHS = "\"walkDetector/Preview Content\"";
				DEVELOPMENT_TEAM = 6UP4G7T4R6;
				ENABLE_HARDENED_RUNTIME = YES;
				ENABLE_PREVIEWS = YES;
				GENERATE_INFOPLIST_FILE = YES;
				INFOPLIST_FILE = walkDetector/Info.plist;
				"INFOPLIST_KEY_UIApplicationSceneManifest_Generation[sdk=iphoneos*]" = YES;
				"INFOPLIST_KEY_UIApplicationSceneManifest_Generation[sdk=iphonesimulator*]" = YES;
				"INFOPLIST_KEY_UIApplicationSupportsIndirectInputEvents[sdk=iphoneos*]" = YES;
				"INFOPLIST_KEY_UIApplicationSupportsIndirectInputEvents[sdk=iphonesimulator*]" = YES;
				"INFOPLIST_KEY_UILaunchScreen_Generation[sdk=iphoneos*]" = YES;
				"INFOPLIST_KEY_UILaunchScreen_Generation[sdk=iphonesimulator*]" = YES;
				"INFOPLIST_KEY_UIStatusBarStyle[sdk=iphoneos*]" = UIStatusBarStyleDefault;
				"INFOPLIST_KEY_UIStatusBarStyle[sdk=iphonesimulator*]" = UIStatusBarStyleDefault;
				INFOPLIST_KEY_UISupportedInterfaceOrientations_iPad = "UIInterfaceOrientationPortrait UIInterfaceOrientationPortraitUpsideDown UIInterfaceOrientationLandscapeLeft UIInterfaceOrientationLandscapeRight";
				INFOPLIST_KEY_UISupportedInterfaceOrientations_iPhone = "UIInterfaceOrientationPortrait UIInterfaceOrientationLandscapeLeft UIInterfaceOrientationLandscapeRight";
				IPHONEOS_DEPLOYMENT_TARGET = 16.2;
				LD_RUNPATH_SEARCH_PATHS = "@executable_path/Frameworks";
				"LD_RUNPATH_SEARCH_PATHS[sdk=macosx*]" = "@executable_path/../Frameworks";
				MACOSX_DEPLOYMENT_TARGET = 13.1;
				MARKETING_VERSION = 1.0;
				PRODUCT_BUNDLE_IDENTIFIER = jiwan.walkDetector;
				PRODUCT_NAME = "$(TARGET_NAME)";
				SDKROOT = auto;
				SUPPORTED_PLATFORMS = "iphoneos iphonesimulator macosx";
				SWIFT_EMIT_LOC_STRINGS = YES;
				SWIFT_VERSION = 5.0;
				TARGETED_DEVICE_FAMILY = "1,2";
			};
			name = Release;
		};
		F6A72AAF29781A1800A4BA64 /* Debug */ = {
			isa = XCBuildConfiguration;
			buildSettings = {
				ALWAYS_EMBED_SWIFT_STANDARD_LIBRARIES = YES;
				BUNDLE_LOADER = "$(TEST_HOST)";
				CODE_SIGN_STYLE = Automatic;
				CURRENT_PROJECT_VERSION = 1;
				DEVELOPMENT_TEAM = 6UP4G7T4R6;
				GENERATE_INFOPLIST_FILE = YES;
				IPHONEOS_DEPLOYMENT_TARGET = 16.2;
				MACOSX_DEPLOYMENT_TARGET = 13.1;
				MARKETING_VERSION = 1.0;
				PRODUCT_BUNDLE_IDENTIFIER = jiwan.walkDetectorTests;
				PRODUCT_NAME = "$(TARGET_NAME)";
				SDKROOT = auto;
				SUPPORTED_PLATFORMS = "iphoneos iphonesimulator macosx";
				SWIFT_EMIT_LOC_STRINGS = NO;
				SWIFT_VERSION = 5.0;
				TARGETED_DEVICE_FAMILY = "1,2";
				TEST_HOST = "$(BUILT_PRODUCTS_DIR)/walkDetector.app/$(BUNDLE_EXECUTABLE_FOLDER_PATH)/walkDetector";
			};
			name = Debug;
		};
		F6A72AB029781A1800A4BA64 /* Release */ = {
			isa = XCBuildConfiguration;
			buildSettings = {
				ALWAYS_EMBED_SWIFT_STANDARD_LIBRARIES = YES;
				BUNDLE_LOADER = "$(TEST_HOST)";
				CODE_SIGN_STYLE = Automatic;
				CURRENT_PROJECT_VERSION = 1;
				DEVELOPMENT_TEAM = 6UP4G7T4R6;
				GENERATE_INFOPLIST_FILE = YES;
				IPHONEOS_DEPLOYMENT_TARGET = 16.2;
				MACOSX_DEPLOYMENT_TARGET = 13.1;
				MARKETING_VERSION = 1.0;
				PRODUCT_BUNDLE_IDENTIFIER = jiwan.walkDetectorTests;
				PRODUCT_NAME = "$(TARGET_NAME)";
				SDKROOT = auto;
				SUPPORTED_PLATFORMS = "iphoneos iphonesimulator macosx";
				SWIFT_EMIT_LOC_STRINGS = NO;
				SWIFT_VERSION = 5.0;
				TARGETED_DEVICE_FAMILY = "1,2";
				TEST_HOST = "$(BUILT_PRODUCTS_DIR)/walkDetector.app/$(BUNDLE_EXECUTABLE_FOLDER_PATH)/walkDetector";
			};
			name = Release;
		};
		F6A72AB229781A1800A4BA64 /* Debug */ = {
			isa = XCBuildConfiguration;
			buildSettings = {
				ALWAYS_EMBED_SWIFT_STANDARD_LIBRARIES = YES;
				CODE_SIGN_STYLE = Automatic;
				CURRENT_PROJECT_VERSION = 1;
				DEVELOPMENT_TEAM = 6UP4G7T4R6;
				GENERATE_INFOPLIST_FILE = YES;
				IPHONEOS_DEPLOYMENT_TARGET = 16.2;
				MACOSX_DEPLOYMENT_TARGET = 13.1;
				MARKETING_VERSION = 1.0;
				PRODUCT_BUNDLE_IDENTIFIER = jiwan.walkDetectorUITests;
				PRODUCT_NAME = "$(TARGET_NAME)";
				SDKROOT = auto;
				SUPPORTED_PLATFORMS = "iphoneos iphonesimulator macosx";
				SWIFT_EMIT_LOC_STRINGS = NO;
				SWIFT_VERSION = 5.0;
				TARGETED_DEVICE_FAMILY = "1,2";
				TEST_TARGET_NAME = walkDetector;
			};
			name = Debug;
		};
		F6A72AB329781A1800A4BA64 /* Release */ = {
			isa = XCBuildConfiguration;
			buildSettings = {
				ALWAYS_EMBED_SWIFT_STANDARD_LIBRARIES = YES;
				CODE_SIGN_STYLE = Automatic;
				CURRENT_PROJECT_VERSION = 1;
				DEVELOPMENT_TEAM = 6UP4G7T4R6;
				GENERATE_INFOPLIST_FILE = YES;
				IPHONEOS_DEPLOYMENT_TARGET = 16.2;
				MACOSX_DEPLOYMENT_TARGET = 13.1;
				MARKETING_VERSION = 1.0;
				PRODUCT_BUNDLE_IDENTIFIER = jiwan.walkDetectorUITests;
				PRODUCT_NAME = "$(TARGET_NAME)";
				SDKROOT = auto;
				SUPPORTED_PLATFORMS = "iphoneos iphonesimulator macosx";
				SWIFT_EMIT_LOC_STRINGS = NO;
				SWIFT_VERSION = 5.0;
				TARGETED_DEVICE_FAMILY = "1,2";
				TEST_TARGET_NAME = walkDetector;
			};
			name = Release;
		};
/* End XCBuildConfiguration section */

/* Begin XCConfigurationList section */
		F6A72A8129781A1600A4BA64 /* Build configuration list for PBXProject "walkDetector" */ = {
			isa = XCConfigurationList;
			buildConfigurations = (
				F6A72AA929781A1800A4BA64 /* Debug */,
				F6A72AAA29781A1800A4BA64 /* Release */,
			);
			defaultConfigurationIsVisible = 0;
			defaultConfigurationName = Release;
		};
		F6A72AAB29781A1800A4BA64 /* Build configuration list for PBXNativeTarget "walkDetector" */ = {
			isa = XCConfigurationList;
			buildConfigurations = (
				F6A72AAC29781A1800A4BA64 /* Debug */,
				F6A72AAD29781A1800A4BA64 /* Release */,
			);
			defaultConfigurationIsVisible = 0;
			defaultConfigurationName = Release;
		};
		F6A72AAE29781A1800A4BA64 /* Build configuration list for PBXNativeTarget "walkDetectorTests" */ = {
			isa = XCConfigurationList;
			buildConfigurations = (
				F6A72AAF29781A1800A4BA64 /* Debug */,
				F6A72AB029781A1800A4BA64 /* Release */,
			);
			defaultConfigurationIsVisible = 0;
			defaultConfigurationName = Release;
		};
		F6A72AB129781A1800A4BA64 /* Build configuration list for PBXNativeTarget "walkDetectorUITests" */ = {
			isa = XCConfigurationList;
			buildConfigurations = (
				F6A72AB229781A1800A4BA64 /* Debug */,
				F6A72AB329781A1800A4BA64 /* Release */,
			);
			defaultConfigurationIsVisible = 0;
			defaultConfigurationName = Release;
		};
/* End XCConfigurationList section */
	};
	rootObject = F6A72A7E29781A1600A4BA64 /* Project object */;
}
